<?xml version="1.0" encoding="utf-8"?>
<Project ToolsVersion="4.0" xmlns="http://schemas.microsoft.com/developer/msbuild/2003">
  <ItemGroup>
    <Filter Include="Source Files">
      <UniqueIdentifier>{4FC737F1-C7A5-4376-A066-2A32D752A2FF}</UniqueIdentifier>
      <Extensions>cpp;c;cc;cxx;c++;cppm;ixx;def;odl;idl;hpj;bat;asm;asmx</Extensions>
    </Filter>
    <Filter Include="Header Files">
      <UniqueIdentifier>{93995380-89BD-4b04-88EB-625FBE52EBFB}</UniqueIdentifier>
      <Extensions>h;hh;hpp;hxx;h++;hm;inl;inc;ipp;xsd</Extensions>
    </Filter>
    <Filter Include="Resource Files">
      <UniqueIdentifier>{67DA6AB6-F800-4c08-8B7A-83BB121AAD01}</UniqueIdentifier>
      <Extensions>rc;ico;cur;bmp;dlg;rc2;rct;bin;rgs;gif;jpg;jpeg;jpe;resx;tiff;tif;png;wav;mfcribbon-ms</Extensions>
    </Filter>
    <Filter Include="Source Files\CameraCalibration">
      <UniqueIdentifier>{1b228b03-e38b-4aa2-821d-95fd1224dc3f}</UniqueIdentifier>
    </Filter>
    <Filter Include="Source Files\ReadPointCloudBigBIRD">
      <UniqueIdentifier>{66319cd6-75c5-4be4-b296-7323efe53fb6}</UniqueIdentifier>
    </Filter>
    <Filter Include="Source Files\generatePointCloud">
      <UniqueIdentifier>{247c2950-922a-448d-b39a-b2c5fa495b4f}</UniqueIdentifier>
    </Filter>
    <Filter Include="Source Files\AnotherCameraCalibration">
      <UniqueIdentifier>{112059bf-82fd-49e0-9421-56b1d5ed2355}</UniqueIdentifier>
    </Filter>
    <Filter Include="Source Files\AnotherGeneratePointCloud">
      <UniqueIdentifier>{e30c78f4-fde7-4778-8d78-66ece5fd318c}</UniqueIdentifier>
    </Filter>
    <Filter Include="Source Files\extractPointCloudFromBoundingBox">
      <UniqueIdentifier>{6a173100-d176-47b2-aa81-ca34e54f7875}</UniqueIdentifier>
    </Filter>
    <Filter Include="Source Files\test_math">
      <UniqueIdentifier>{b9d77766-453f-4013-b012-081d2decb530}</UniqueIdentifier>
    </Filter>
    <Filter Include="Source Files\trainingFolder">
      <UniqueIdentifier>{5466449e-03bc-449e-8ce2-cd09f19d99b2}</UniqueIdentifier>
    </Filter>
  </ItemGroup>
  <ItemGroup>
    <ClCompile Include="calibration.cpp">
      <Filter>Source Files\CameraCalibration</Filter>
    </ClCompile>
    <ClCompile Include="main.cpp" />
    <ClCompile Include="ReadPointCloud.cpp">
      <Filter>Source Files\ReadPointCloudBigBIRD</Filter>
    </ClCompile>
    <ClCompile Include="extract2DBoundingBoxFromMaskImage.cpp">
      <Filter>Source Files\extractPointCloudFromBoundingBox</Filter>
    </ClCompile>
    <ClCompile Include="extractPointCloudInBoundingBox.cpp">
      <Filter>Source Files\extractPointCloudFromBoundingBox</Filter>
    </ClCompile>
    <ClCompile Include="generatePointCloud.cpp">
      <Filter>Source Files\generatePointCloud</Filter>
    </ClCompile>
    <ClCompile Include="camera_calibration_sample.cpp">
      <Filter>Source Files\AnotherCameraCalibration</Filter>
    </ClCompile>
    <ClCompile Include="test_genPCMethod.cpp">
      <Filter>Source Files\AnotherGeneratePointCloud</Filter>
    </ClCompile>
    <ClCompile Include="test_ICP.cpp">
      <Filter>Source Files\AnotherGeneratePointCloud</Filter>
    </ClCompile>
    <ClCompile Include="test_math.cpp">
      <Filter>Source Files\test_math</Filter>
    </ClCompile>
    <ClCompile Include="transformToOriginalPoints.cpp">
      <Filter>Source Files\trainingFolder</Filter>
    </ClCompile>
  </ItemGroup>
  <ItemGroup>
    <ClInclude Include="ReadPointCloud.h">
      <Filter>Source Files\ReadPointCloudBigBIRD</Filter>
    </ClInclude>
    <ClInclude Include="extract2DBoundingBoxFromMaskImage.h">
      <Filter>Source Files\extractPointCloudFromBoundingBox</Filter>
    </ClInclude>
    <ClInclude Include="extractPointCloudInBoundingBox.h">
      <Filter>Source Files\extractPointCloudFromBoundingBox</Filter>
    </ClInclude>
    <ClInclude Include="calibration.h">
      <Filter>Source Files\CameraCalibration</Filter>
    </ClInclude>
    <ClInclude Include="generatePointCloud.h">
      <Filter>Source Files\generatePointCloud</Filter>
    </ClInclude>
    <ClInclude Include="test_genPCMethod.h">
      <Filter>Source Files\AnotherGeneratePointCloud</Filter>
    </ClInclude>
    <ClInclude Include="test_ICP.h">
      <Filter>Source Files\AnotherGeneratePointCloud</Filter>
    </ClInclude>
    <ClInclude Include="test_math.h">
      <Filter>Source Files\test_math</Filter>
    </ClInclude>
    <ClInclude Include="transformToOriginalPoints.h">
      <Filter>Source Files\trainingFolder</Filter>
    </ClInclude>
  </ItemGroup>
  <ItemGroup>
    <Xml Include="VID5.xml">
      <Filter>Source Files\AnotherCameraCalibration</Filter>
    </Xml>
    <Xml Include="in_VID5.xml">
      <Filter>Source Files\AnotherCameraCalibration</Filter>
    </Xml>
  </ItemGroup>
</Project>